<Solution Description="Visual Studio slnx file generated by Premake" Version="1.4">
  <Configurations>
    <BuildType Name="Debug" />
    <BuildType Name="Release" />
    <Platform Name="x64" />
  </Configurations>
  <Project Path="BulletHell\BulletHell.vcxproj" Id="D2B89396-BE70-D5E3-2778-AE3F134F70D4">
  </Project>
</Solution>